
Microsoft Visual Studio Solution File, Format Version 12.00
# Visual Studio Version 17
VisualStudioVersion = 17.5.33516.290
MinimumVisualStudioVersion = 10.0.40219.1
Project("{FAE04EC0-301F-11D3-BF4B-00C04F79EFBC}") = "PasswordResetAPP", "PasswordResetAPP\PasswordResetAPP.csproj", "{BEBC33EB-9A62-4775-8655-E11C4AD02E7F}"
EndProject
Global
	GlobalSection(SolutionConfigurationPlatforms) = preSolution
		Debug|Any CPU = Debug|Any CPU
		Release|Any CPU = Release|Any CPU
	EndGlobalSection
	GlobalSection(ProjectConfigurationPlatforms) = postSolution
		{BEBC33EB-9A62-4775-8655-E11C4AD02E7F}.Debug|Any CPU.ActiveCfg = Debug|Any CPU
		{BEBC33EB-9A62-4775-8655-E11C4AD02E7F}.Debug|Any CPU.Build.0 = Debug|Any CPU
		{BEBC33EB-9A62-4775-8655-E11C4AD02E7F}.Release|Any CPU.ActiveCfg = Release|Any CPU
		{BEBC33EB-9A62-4775-8655-E11C4AD02E7F}.Release|Any CPU.Build.0 = Release|Any CPU
	EndGlobalSection
	GlobalSection(SolutionProperties) = preSolution
		HideSolutionNode = FALSE
	EndGlobalSection
	GlobalSection(ExtensibilityGlobals) = postSolution
		SolutionGuid = {CE9686EE-ED20-49D0-832D-2FD410AD60E4}
	EndGlobalSection
EndGlobal
